
Microsoft Visual Studio Solution File, Format Version 12.00
# Visual Studio Version 17
VisualStudioVersion = 17.4.33213.308
MinimumVisualStudioVersion = 10.0.40219.1
Project("{FAE04EC0-301F-11D3-BF4B-00C04F79EFBC}") = "DevaloreAssignment", "DevaloreAssignment.csproj", "{789B3587-72AA-40CF-864A-9C7AC53BA831}"
EndProject
Global
	GlobalSection(SolutionConfigurationPlatforms) = preSolution
		Debug|Any CPU = Debug|Any CPU
		Release|Any CPU = Release|Any CPU
	EndGlobalSection
	GlobalSection(ProjectConfigurationPlatforms) = postSolution
		{789B3587-72AA-40CF-864A-9C7AC53BA831}.Debug|Any CPU.ActiveCfg = Debug|Any CPU
		{789B3587-72AA-40CF-864A-9C7AC53BA831}.Debug|Any CPU.Build.0 = Debug|Any CPU
		{789B3587-72AA-40CF-864A-9C7AC53BA831}.Release|Any CPU.ActiveCfg = Release|Any CPU
		{789B3587-72AA-40CF-864A-9C7AC53BA831}.Release|Any CPU.Build.0 = Release|Any CPU
	EndGlobalSection
	GlobalSection(SolutionProperties) = preSolution
		HideSolutionNode = FALSE
	EndGlobalSection
	GlobalSection(ExtensibilityGlobals) = postSolution
		SolutionGuid = {34A71177-2F67-41DC-AE38-C2AA224CCC83}
	EndGlobalSection
EndGlobal
